# This file was autogenerated by Stack.
# You should not edit this file by hand.
# For more information, please see the documentation at:
#   https://docs.haskellstack.org/en/stable/lock_files

packages:
- completed:
    hackage: esqueleto-2.6.0@sha256:e4672cd3baec100ef8597224abae4e030795e8a1f80abb6e0c3e2570f213a258,5154
    pantry-tree:
      size: 941
      sha256: c6af6dfb4de2e9eb75b61d84a3d429749422f6a511fb810b9fe3737104e5f9fc
  original:
    hackage: esqueleto-2.6.0
- completed:
    cabal-file:
      size: 3570
      sha256: a5e5ee35c9fe00294b36d287ef191002cc1a51864f42c958c798bf20969939f4
    name: persistent-migration
    version: 0.1.0
    git: https://github.com/jhb563/persistent-migration.git
    pantry-tree:
      size: 3220
      sha256: 51efeacb1c513708831ea80569716a7a83796fb734d2543589c48e4225ee888b
    commit: 9f9c5035efe58da8f58eb80e106f1271d2a13c17
  original:
    git: https://github.com/jhb563/persistent-migration.git
    commit: 9f9c5035efe58da8f58eb80e106f1271d2a13c17
snapshots:
- completed:
    size: 524804
    url: https://raw.githubusercontent.com/commercialhaskell/stackage-snapshots/master/lts/14/16.yaml
    sha256: 4d1519a4372d051d47a5eae2241cf3fb54e113d7475f89707ddb6ec06add2888
  original: lts-14.16
